
Microsoft Visual Studio Solution File, Format Version 12.00
# Visual Studio Version 17
VisualStudioVersion = 17.1.31911.260
MinimumVisualStudioVersion = 10.0.40219.1
Project("{FAE04EC0-301F-11D3-BF4B-00C04F79EFBC}") = "TPAttachmentDownloader", "TPAttachmentDownloader\TPAttachmentDownloader.csproj", "{1C7E1AB0-6AD1-4686-8BB1-B681DABA9B18}"
EndProject
Global
	GlobalSection(SolutionConfigurationPlatforms) = preSolution
		Debug|Any CPU = Debug|Any CPU
		Release|Any CPU = Release|Any CPU
	EndGlobalSection
	GlobalSection(ProjectConfigurationPlatforms) = postSolution
		{1C7E1AB0-6AD1-4686-8BB1-B681DABA9B18}.Debug|Any CPU.ActiveCfg = Debug|Any CPU
		{1C7E1AB0-6AD1-4686-8BB1-B681DABA9B18}.Debug|Any CPU.Build.0 = Debug|Any CPU
		{1C7E1AB0-6AD1-4686-8BB1-B681DABA9B18}.Release|Any CPU.ActiveCfg = Release|Any CPU
		{1C7E1AB0-6AD1-4686-8BB1-B681DABA9B18}.Release|Any CPU.Build.0 = Release|Any CPU
	EndGlobalSection
	GlobalSection(SolutionProperties) = preSolution
		HideSolutionNode = FALSE
	EndGlobalSection
	GlobalSection(ExtensibilityGlobals) = postSolution
		SolutionGuid = {33066852-EFD4-4600-8E6F-AA9CA81670B4}
	EndGlobalSection
EndGlobal
